
Microsoft Visual Studio Solution File, Format Version 12.00
# Visual Studio 15
Project("{FAE04EC0-301F-11D3-BF4B-00C04F79EFBC}") = "prova02_concatenar", "prova02_concatenar\prova02_concatenar.csproj", "{2D1E563A-3DF1-40FD-8726-35509D51BE7C}"
EndProject
Global
	GlobalSection(SolutionConfigurationPlatforms) = preSolution
		Debug|Any CPU = Debug|Any CPU
		Release|Any CPU = Release|Any CPU
	EndGlobalSection
	GlobalSection(ProjectConfigurationPlatforms) = postSolution
		{2D1E563A-3DF1-40FD-8726-35509D51BE7C}.Debug|Any CPU.ActiveCfg = Debug|Any CPU
		{2D1E563A-3DF1-40FD-8726-35509D51BE7C}.Debug|Any CPU.Build.0 = Debug|Any CPU
		{2D1E563A-3DF1-40FD-8726-35509D51BE7C}.Release|Any CPU.ActiveCfg = Release|Any CPU
		{2D1E563A-3DF1-40FD-8726-35509D51BE7C}.Release|Any CPU.Build.0 = Release|Any CPU
	EndGlobalSection
EndGlobal
